
Microsoft Visual Studio Solution File, Format Version 12.00
# Visual Studio Version 17
VisualStudioVersion = 17.0.31903.59
MinimumVisualStudioVersion = 10.0.40219.1
Project("{2150E333-8FDC-42A3-9474-1A3956D46DE8}") = "src", "src", "{827E0CD3-B72D-47B6-A68D-7590B98EB39B}"
EndProject
Project("{2150E333-8FDC-42A3-9474-1A3956D46DE8}") = "Gateway", "Gateway", "{6306A8FB-679E-111F-6585-8F70E0EE6013}"
EndProject
Project("{FAE04EC0-301F-11D3-BF4B-00C04F79EFBC}") = "MicroShop.Gateway", "src\Gateway\MicroShop.Gateway\MicroShop.Gateway.csproj", "{9D5FF82A-A31E-4241-BC75-89B72A4AB1D7}"
EndProject
Project("{2150E333-8FDC-42A3-9474-1A3956D46DE8}") = "BuildingBlocks", "BuildingBlocks", "{90298CBA-BD6F-3A0A-69D5-97CAD7B05E7E}"
EndProject
Project("{FAE04EC0-301F-11D3-BF4B-00C04F79EFBC}") = "MicroShop.Contracts", "src\BuildingBlocks\MicroShop.Contracts\MicroShop.Contracts.csproj", "{9F257910-0134-428D-BA02-62CFDB0B2C2D}"
EndProject
Project("{FAE04EC0-301F-11D3-BF4B-00C04F79EFBC}") = "MicroShop.ServiceDefaults", "src\BuildingBlocks\MicroShop.ServiceDefaults\MicroShop.ServiceDefaults.csproj", "{21D3F0C0-D200-449F-BF09-AC24686063ED}"
EndProject
Project("{2150E333-8FDC-42A3-9474-1A3956D46DE8}") = "Services", "Services", "{984BB9B3-3FA3-BE33-9484-CAC21695A33C}"
EndProject
Project("{2150E333-8FDC-42A3-9474-1A3956D46DE8}") = "ProductService", "ProductService", "{C956A69C-8222-8E0F-7E05-45145B4D88F9}"
EndProject
Project("{FAE04EC0-301F-11D3-BF4B-00C04F79EFBC}") = "MicroShop.ProductService", "src\Services\ProductService\MicroShop.ProductService\MicroShop.ProductService.csproj", "{154E2DD9-5BB3-47E6-BEEB-C60594CB41C2}"
EndProject
Project("{2150E333-8FDC-42A3-9474-1A3956D46DE8}") = "OrderService", "OrderService", "{F5625D22-DF6D-6E20-0384-6B2F7CAD8697}"
EndProject
Project("{FAE04EC0-301F-11D3-BF4B-00C04F79EFBC}") = "MicroShop.OrderService", "src\Services\OrderService\MicroShop.OrderService\MicroShop.OrderService.csproj", "{985A1582-9641-4F59-9A1B-C59BEAD3A105}"
EndProject
Project("{2150E333-8FDC-42A3-9474-1A3956D46DE8}") = "NotificationService", "NotificationService", "{47931FAB-DBE1-FD8F-0AFF-2CD4B99C52C4}"
EndProject
Project("{FAE04EC0-301F-11D3-BF4B-00C04F79EFBC}") = "MicroShop.NotificationService", "src\Services\NotificationService\MicroShop.NotificationService\MicroShop.NotificationService.csproj", "{CABF0940-D334-4F58-9F07-FE0C399F680B}"
EndProject
Project("{2150E333-8FDC-42A3-9474-1A3956D46DE8}") = "tests", "tests", "{0AB3BF05-4346-4AA6-1389-037BE0695223}"
EndProject
Project("{FAE04EC0-301F-11D3-BF4B-00C04F79EFBC}") = "MicroShop.Architecture.Tests", "tests\MicroShop.Architecture.Tests\MicroShop.Architecture.Tests.csproj", "{55091FFB-455E-423E-B487-F154CFAF7C37}"
EndProject
Project("{FAE04EC0-301F-11D3-BF4B-00C04F79EFBC}") = "MicroShop.ProductService.Tests", "tests\MicroShop.ProductService.Tests\MicroShop.ProductService.Tests.csproj", "{61415D40-E4ED-4794-82D5-779DDAF68D49}"
EndProject
Global
	GlobalSection(SolutionConfigurationPlatforms) = preSolution
		Debug|Any CPU = Debug|Any CPU
		Debug|x64 = Debug|x64
		Debug|x86 = Debug|x86
		Release|Any CPU = Release|Any CPU
		Release|x64 = Release|x64
		Release|x86 = Release|x86
	EndGlobalSection
	GlobalSection(ProjectConfigurationPlatforms) = postSolution
		{9D5FF82A-A31E-4241-BC75-89B72A4AB1D7}.Debug|Any CPU.ActiveCfg = Debug|Any CPU
		{9D5FF82A-A31E-4241-BC75-89B72A4AB1D7}.Debug|Any CPU.Build.0 = Debug|Any CPU
		{9D5FF82A-A31E-4241-BC75-89B72A4AB1D7}.Debug|x64.ActiveCfg = Debug|Any CPU
		{9D5FF82A-A31E-4241-BC75-89B72A4AB1D7}.Debug|x64.Build.0 = Debug|Any CPU
		{9D5FF82A-A31E-4241-BC75-89B72A4AB1D7}.Debug|x86.ActiveCfg = Debug|Any CPU
		{9D5FF82A-A31E-4241-BC75-89B72A4AB1D7}.Debug|x86.Build.0 = Debug|Any CPU
		{9D5FF82A-A31E-4241-BC75-89B72A4AB1D7}.Release|Any CPU.ActiveCfg = Release|Any CPU
		{9D5FF82A-A31E-4241-BC75-89B72A4AB1D7}.Release|Any CPU.Build.0 = Release|Any CPU
		{9D5FF82A-A31E-4241-BC75-89B72A4AB1D7}.Release|x64.ActiveCfg = Release|Any CPU
		{9D5FF82A-A31E-4241-BC75-89B72A4AB1D7}.Release|x64.Build.0 = Release|Any CPU
		{9D5FF82A-A31E-4241-BC75-89B72A4AB1D7}.Release|x86.ActiveCfg = Release|Any CPU
		{9D5FF82A-A31E-4241-BC75-89B72A4AB1D7}.Release|x86.Build.0 = Release|Any CPU
		{9F257910-0134-428D-BA02-62CFDB0B2C2D}.Debug|Any CPU.ActiveCfg = Debug|Any CPU
		{9F257910-0134-428D-BA02-62CFDB0B2C2D}.Debug|Any CPU.Build.0 = Debug|Any CPU
		{9F257910-0134-428D-BA02-62CFDB0B2C2D}.Debug|x64.ActiveCfg = Debug|Any CPU
		{9F257910-0134-428D-BA02-62CFDB0B2C2D}.Debug|x64.Build.0 = Debug|Any CPU
		{9F257910-0134-428D-BA02-62CFDB0B2C2D}.Debug|x86.ActiveCfg = Debug|Any CPU
		{9F257910-0134-428D-BA02-62CFDB0B2C2D}.Debug|x86.Build.0 = Debug|Any CPU
		{9F257910-0134-428D-BA02-62CFDB0B2C2D}.Release|Any CPU.ActiveCfg = Release|Any CPU
		{9F257910-0134-428D-BA02-62CFDB0B2C2D}.Release|Any CPU.Build.0 = Release|Any CPU
		{9F257910-0134-428D-BA02-62CFDB0B2C2D}.Release|x64.ActiveCfg = Release|Any CPU
		{9F257910-0134-428D-BA02-62CFDB0B2C2D}.Release|x64.Build.0 = Release|Any CPU
		{9F257910-0134-428D-BA02-62CFDB0B2C2D}.Release|x86.ActiveCfg = Release|Any CPU
		{9F257910-0134-428D-BA02-62CFDB0B2C2D}.Release|x86.Build.0 = Release|Any CPU
		{21D3F0C0-D200-449F-BF09-AC24686063ED}.Debug|Any CPU.ActiveCfg = Debug|Any CPU
		{21D3F0C0-D200-449F-BF09-AC24686063ED}.Debug|Any CPU.Build.0 = Debug|Any CPU
		{21D3F0C0-D200-449F-BF09-AC24686063ED}.Debug|x64.ActiveCfg = Debug|Any CPU
		{21D3F0C0-D200-449F-BF09-AC24686063ED}.Debug|x64.Build.0 = Debug|Any CPU
		{21D3F0C0-D200-449F-BF09-AC24686063ED}.Debug|x86.ActiveCfg = Debug|Any CPU
		{21D3F0C0-D200-449F-BF09-AC24686063ED}.Debug|x86.Build.0 = Debug|Any CPU
		{21D3F0C0-D200-449F-BF09-AC24686063ED}.Release|Any CPU.ActiveCfg = Release|Any CPU
		{21D3F0C0-D200-449F-BF09-AC24686063ED}.Release|Any CPU.Build.0 = Release|Any CPU
		{21D3F0C0-D200-449F-BF09-AC24686063ED}.Release|x64.ActiveCfg = Release|Any CPU
		{21D3F0C0-D200-449F-BF09-AC24686063ED}.Release|x64.Build.0 = Release|Any CPU
		{21D3F0C0-D200-449F-BF09-AC24686063ED}.Release|x86.ActiveCfg = Release|Any CPU
		{21D3F0C0-D200-449F-BF09-AC24686063ED}.Release|x86.Build.0 = Release|Any CPU
		{154E2DD9-5BB3-47E6-BEEB-C60594CB41C2}.Debug|Any CPU.ActiveCfg = Debug|Any CPU
		{154E2DD9-5BB3-47E6-BEEB-C60594CB41C2}.Debug|Any CPU.Build.0 = Debug|Any CPU
		{154E2DD9-5BB3-47E6-BEEB-C60594CB41C2}.Debug|x64.ActiveCfg = Debug|Any CPU
		{154E2DD9-5BB3-47E6-BEEB-C60594CB41C2}.Debug|x64.Build.0 = Debug|Any CPU
		{154E2DD9-5BB3-47E6-BEEB-C60594CB41C2}.Debug|x86.ActiveCfg = Debug|Any CPU
		{154E2DD9-5BB3-47E6-BEEB-C60594CB41C2}.Debug|x86.Build.0 = Debug|Any CPU
		{154E2DD9-5BB3-47E6-BEEB-C60594CB41C2}.Release|Any CPU.ActiveCfg = Release|Any CPU
		{154E2DD9-5BB3-47E6-BEEB-C60594CB41C2}.Release|Any CPU.Build.0 = Release|Any CPU
		{154E2DD9-5BB3-47E6-BEEB-C60594CB41C2}.Release|x64.ActiveCfg = Release|Any CPU
		{154E2DD9-5BB3-47E6-BEEB-C60594CB41C2}.Release|x64.Build.0 = Release|Any CPU
		{154E2DD9-5BB3-47E6-BEEB-C60594CB41C2}.Release|x86.ActiveCfg = Release|Any CPU
		{154E2DD9-5BB3-47E6-BEEB-C60594CB41C2}.Release|x86.Build.0 = Release|Any CPU
		{985A1582-9641-4F59-9A1B-C59BEAD3A105}.Debug|Any CPU.ActiveCfg = Debug|Any CPU
		{985A1582-9641-4F59-9A1B-C59BEAD3A105}.Debug|Any CPU.Build.0 = Debug|Any CPU
		{985A1582-9641-4F59-9A1B-C59BEAD3A105}.Debug|x64.ActiveCfg = Debug|Any CPU
		{985A1582-9641-4F59-9A1B-C59BEAD3A105}.Debug|x64.Build.0 = Debug|Any CPU
		{985A1582-9641-4F59-9A1B-C59BEAD3A105}.Debug|x86.ActiveCfg = Debug|Any CPU
		{985A1582-9641-4F59-9A1B-C59BEAD3A105}.Debug|x86.Build.0 = Debug|Any CPU
		{985A1582-9641-4F59-9A1B-C59BEAD3A105}.Release|Any CPU.ActiveCfg = Release|Any CPU
		{985A1582-9641-4F59-9A1B-C59BEAD3A105}.Release|Any CPU.Build.0 = Release|Any CPU
		{985A1582-9641-4F59-9A1B-C59BEAD3A105}.Release|x64.ActiveCfg = Release|Any CPU
		{985A1582-9641-4F59-9A1B-C59BEAD3A105}.Release|x64.Build.0 = Release|Any CPU
		{985A1582-9641-4F59-9A1B-C59BEAD3A105}.Release|x86.ActiveCfg = Release|Any CPU
		{985A1582-9641-4F59-9A1B-C59BEAD3A105}.Release|x86.Build.0 = Release|Any CPU
		{CABF0940-D334-4F58-9F07-FE0C399F680B}.Debug|Any CPU.ActiveCfg = Debug|Any CPU
		{CABF0940-D334-4F58-9F07-FE0C399F680B}.Debug|Any CPU.Build.0 = Debug|Any CPU
		{CABF0940-D334-4F58-9F07-FE0C399F680B}.Debug|x64.ActiveCfg = Debug|Any CPU
		{CABF0940-D334-4F58-9F07-FE0C399F680B}.Debug|x64.Build.0 = Debug|Any CPU
		{CABF0940-D334-4F58-9F07-FE0C399F680B}.Debug|x86.ActiveCfg = Debug|Any CPU
		{CABF0940-D334-4F58-9F07-FE0C399F680B}.Debug|x86.Build.0 = Debug|Any CPU
		{CABF0940-D334-4F58-9F07-FE0C399F680B}.Release|Any CPU.ActiveCfg = Release|Any CPU
		{CABF0940-D334-4F58-9F07-FE0C399F680B}.Release|Any CPU.Build.0 = Release|Any CPU
		{CABF0940-D334-4F58-9F07-FE0C399F680B}.Release|x64.ActiveCfg = Release|Any CPU
		{CABF0940-D334-4F58-9F07-FE0C399F680B}.Release|x64.Build.0 = Release|Any CPU
		{CABF0940-D334-4F58-9F07-FE0C399F680B}.Release|x86.ActiveCfg = Release|Any CPU
		{CABF0940-D334-4F58-9F07-FE0C399F680B}.Release|x86.Build.0 = Release|Any CPU
		{55091FFB-455E-423E-B487-F154CFAF7C37}.Debug|Any CPU.ActiveCfg = Debug|Any CPU
		{55091FFB-455E-423E-B487-F154CFAF7C37}.Debug|Any CPU.Build.0 = Debug|Any CPU
		{55091FFB-455E-423E-B487-F154CFAF7C37}.Debug|x64.ActiveCfg = Debug|Any CPU
		{55091FFB-455E-423E-B487-F154CFAF7C37}.Debug|x64.Build.0 = Debug|Any CPU
		{55091FFB-455E-423E-B487-F154CFAF7C37}.Debug|x86.ActiveCfg = Debug|Any CPU
		{55091FFB-455E-423E-B487-F154CFAF7C37}.Debug|x86.Build.0 = Debug|Any CPU
		{55091FFB-455E-423E-B487-F154CFAF7C37}.Release|Any CPU.ActiveCfg = Release|Any CPU
		{55091FFB-455E-423E-B487-F154CFAF7C37}.Release|Any CPU.Build.0 = Release|Any CPU
		{55091FFB-455E-423E-B487-F154CFAF7C37}.Release|x64.ActiveCfg = Release|Any CPU
		{55091FFB-455E-423E-B487-F154CFAF7C37}.Release|x64.Build.0 = Release|Any CPU
		{55091FFB-455E-423E-B487-F154CFAF7C37}.Release|x86.ActiveCfg = Release|Any CPU
		{55091FFB-455E-423E-B487-F154CFAF7C37}.Release|x86.Build.0 = Release|Any CPU
		{61415D40-E4ED-4794-82D5-779DDAF68D49}.Debug|Any CPU.ActiveCfg = Debug|Any CPU
		{61415D40-E4ED-4794-82D5-779DDAF68D49}.Debug|Any CPU.Build.0 = Debug|Any CPU
		{61415D40-E4ED-4794-82D5-779DDAF68D49}.Debug|x64.ActiveCfg = Debug|Any CPU
		{61415D40-E4ED-4794-82D5-779DDAF68D49}.Debug|x64.Build.0 = Debug|Any CPU
		{61415D40-E4ED-4794-82D5-779DDAF68D49}.Debug|x86.ActiveCfg = Debug|Any CPU
		{61415D40-E4ED-4794-82D5-779DDAF68D49}.Debug|x86.Build.0 = Debug|Any CPU
		{61415D40-E4ED-4794-82D5-779DDAF68D49}.Release|Any CPU.ActiveCfg = Release|Any CPU
		{61415D40-E4ED-4794-82D5-779DDAF68D49}.Release|Any CPU.Build.0 = Release|Any CPU
		{61415D40-E4ED-4794-82D5-779DDAF68D49}.Release|x64.ActiveCfg = Release|Any CPU
		{61415D40-E4ED-4794-82D5-779DDAF68D49}.Release|x64.Build.0 = Release|Any CPU
		{61415D40-E4ED-4794-82D5-779DDAF68D49}.Release|x86.ActiveCfg = Release|Any CPU
		{61415D40-E4ED-4794-82D5-779DDAF68D49}.Release|x86.Build.0 = Release|Any CPU
	EndGlobalSection
	GlobalSection(SolutionProperties) = preSolution
		HideSolutionNode = FALSE
	EndGlobalSection
	GlobalSection(NestedProjects) = preSolution
		{6306A8FB-679E-111F-6585-8F70E0EE6013} = {827E0CD3-B72D-47B6-A68D-7590B98EB39B}
		{9D5FF82A-A31E-4241-BC75-89B72A4AB1D7} = {6306A8FB-679E-111F-6585-8F70E0EE6013}
		{90298CBA-BD6F-3A0A-69D5-97CAD7B05E7E} = {827E0CD3-B72D-47B6-A68D-7590B98EB39B}
		{9F257910-0134-428D-BA02-62CFDB0B2C2D} = {90298CBA-BD6F-3A0A-69D5-97CAD7B05E7E}
		{21D3F0C0-D200-449F-BF09-AC24686063ED} = {90298CBA-BD6F-3A0A-69D5-97CAD7B05E7E}
		{984BB9B3-3FA3-BE33-9484-CAC21695A33C} = {827E0CD3-B72D-47B6-A68D-7590B98EB39B}
		{C956A69C-8222-8E0F-7E05-45145B4D88F9} = {984BB9B3-3FA3-BE33-9484-CAC21695A33C}
		{154E2DD9-5BB3-47E6-BEEB-C60594CB41C2} = {C956A69C-8222-8E0F-7E05-45145B4D88F9}
		{F5625D22-DF6D-6E20-0384-6B2F7CAD8697} = {984BB9B3-3FA3-BE33-9484-CAC21695A33C}
		{985A1582-9641-4F59-9A1B-C59BEAD3A105} = {F5625D22-DF6D-6E20-0384-6B2F7CAD8697}
		{47931FAB-DBE1-FD8F-0AFF-2CD4B99C52C4} = {984BB9B3-3FA3-BE33-9484-CAC21695A33C}
		{CABF0940-D334-4F58-9F07-FE0C399F680B} = {47931FAB-DBE1-FD8F-0AFF-2CD4B99C52C4}
		{55091FFB-455E-423E-B487-F154CFAF7C37} = {0AB3BF05-4346-4AA6-1389-037BE0695223}
		{61415D40-E4ED-4794-82D5-779DDAF68D49} = {0AB3BF05-4346-4AA6-1389-037BE0695223}
	EndGlobalSection
EndGlobal
